
Microsoft Visual Studio Solution File, Format Version 12.00
# Visual Studio Version 16
VisualStudioVersion = 16.0.33214.272
MinimumVisualStudioVersion = 10.0.40219.1
Project("{FAE04EC0-301F-11D3-BF4B-00C04F79EFBC}") = "eTickets", "eTickets\eTickets.csproj", "{AC800C72-4078-4390-ACE5-A0345F16C439}"
EndProject
Global
	GlobalSection(SolutionConfigurationPlatforms) = preSolution
		Debug|Any CPU = Debug|Any CPU
		Release|Any CPU = Release|Any CPU
	EndGlobalSection
	GlobalSection(ProjectConfigurationPlatforms) = postSolution
		{AC800C72-4078-4390-ACE5-A0345F16C439}.Debug|Any CPU.ActiveCfg = Debug|Any CPU
		{AC800C72-4078-4390-ACE5-A0345F16C439}.Debug|Any CPU.Build.0 = Debug|Any CPU
		{AC800C72-4078-4390-ACE5-A0345F16C439}.Release|Any CPU.ActiveCfg = Release|Any CPU
		{AC800C72-4078-4390-ACE5-A0345F16C439}.Release|Any CPU.Build.0 = Release|Any CPU
	EndGlobalSection
	GlobalSection(SolutionProperties) = preSolution
		HideSolutionNode = FALSE
	EndGlobalSection
	GlobalSection(ExtensibilityGlobals) = postSolution
		SolutionGuid = {936C4FB1-4E4C-4EF8-8963-ACA30DD0D935}
	EndGlobalSection
EndGlobal
